{
    "version": 3,
    "terraform_version": "0.11.8",
    "serial": 5,
    "lineage": "73d889e0-bb37-bdca-cd47-e8352c5cdd43",
    "modules": [
        {
            "path": [
                "root"
            ],
            "outputs": {},
            "resources": {
                "heroku_addon.db_ci": {
                    "type": "heroku_addon",
                    "depends_on": [
                        "heroku_app.ci"
                    ],
                    "primary": {
                        "id": "3bbbeba1-2ad6-4deb-b6cf-021cae17ea84",
                        "attributes": {
                            "app": "devops2019-app-ci",
                            "config_vars.#": "1",
                            "config_vars.0": "DATABASE_URL",
                            "id": "3bbbeba1-2ad6-4deb-b6cf-021cae17ea84",
                            "name": "postgresql-tetrahedral-43750",
                            "plan": "heroku-postgresql:hobby-dev",
                            "provider_id": "16179218"
                        },
                        "meta": {
                            "schema_version": "1"
                        },
                        "tainted": false
                    },
                    "deposed": [],
                    "provider": "provider.heroku"
                },
                "heroku_addon.db_prod": {
                    "type": "heroku_addon",
                    "depends_on": [
                        "heroku_app.production"
                    ],
                    "primary": {
                        "id": "43b7c22b-7b87-41c9-88c5-2e482bfe6b1a",
                        "attributes": {
                            "app": "devops2019-app-production",
                            "config_vars.#": "1",
                            "config_vars.0": "DATABASE_URL",
                            "id": "43b7c22b-7b87-41c9-88c5-2e482bfe6b1a",
                            "name": "postgresql-flat-14116",
                            "plan": "heroku-postgresql:hobby-dev",
                            "provider_id": "16179216"
                        },
                        "meta": {
                            "schema_version": "1"
                        },
                        "tainted": false
                    },
                    "deposed": [],
                    "provider": "provider.heroku"
                },
                "heroku_addon.db_stage": {
                    "type": "heroku_addon",
                    "depends_on": [
                        "heroku_app.staging"
                    ],
                    "primary": {
                        "id": "1939ff0c-7a1e-4486-a0bb-3d860a7d1e84",
                        "attributes": {
                            "app": "devops2019-app-staging",
                            "config_vars.#": "1",
                            "config_vars.0": "DATABASE_URL",
                            "id": "1939ff0c-7a1e-4486-a0bb-3d860a7d1e84",
                            "name": "postgresql-regular-78433",
                            "plan": "heroku-postgresql:hobby-dev",
                            "provider_id": "16179217"
                        },
                        "meta": {
                            "schema_version": "1"
                        },
                        "tainted": false
                    },
                    "deposed": [],
                    "provider": "provider.heroku"
                },
                "heroku_app.ci": {
                    "type": "heroku_app",
                    "depends_on": [],
                    "primary": {
                        "id": "devops2019-app-ci",
                        "attributes": {
                            "acm": "false",
                            "all_config_vars.%": "1",
                            "all_config_vars.DATABASE_URL": "postgres://yajdvxnmfnybyw:e0ade2e41d76faf8732a3b927b5694a038d50c3fa3b8472173a56c6cc98e4145@ec2-46-137-170-51.eu-west-1.compute.amazonaws.com:5432/djm5ug12a8o0h",
                            "config_vars.#": "0",
                            "git_url": "https://git.heroku.com/devops2019-app-ci.git",
                            "heroku_hostname": "devops2019-app-ci.herokuapp.com",
                            "id": "devops2019-app-ci",
                            "internal_routing": "false",
                            "name": "devops2019-app-ci",
                            "region": "eu",
                            "sensitive_config_vars.#": "0",
                            "stack": "heroku-18",
                            "uuid": "d0c8d13c-fafc-4e25-9e37-82cdbfe3065c",
                            "web_url": "https://devops2019-app-ci.herokuapp.com/"
                        },
                        "meta": {},
                        "tainted": false
                    },
                    "deposed": [],
                    "provider": "provider.heroku"
                },
                "heroku_app.production": {
                    "type": "heroku_app",
                    "depends_on": [],
                    "primary": {
                        "id": "devops2019-app-production",
                        "attributes": {
                            "acm": "false",
                            "all_config_vars.%": "1",
                            "all_config_vars.DATABASE_URL": "postgres://ewtdradjjlmkis:5a16bde68e7647a51235aa3fed86d398df842111801ecfc30a54c598a92d72b3@ec2-46-137-170-51.eu-west-1.compute.amazonaws.com:5432/dbi5k9up082khg",
                            "config_vars.#": "0",
                            "git_url": "https://git.heroku.com/devops2019-app-production.git",
                            "heroku_hostname": "devops2019-app-production.herokuapp.com",
                            "id": "devops2019-app-production",
                            "internal_routing": "false",
                            "name": "devops2019-app-production",
                            "region": "eu",
                            "sensitive_config_vars.#": "0",
                            "stack": "heroku-18",
                            "uuid": "91428aaa-b6e9-489c-b667-4d4a1162ec67",
                            "web_url": "https://devops2019-app-production.herokuapp.com/"
                        },
                        "meta": {},
                        "tainted": false
                    },
                    "deposed": [],
                    "provider": "provider.heroku"
                },
                "heroku_app.staging": {
                    "type": "heroku_app",
                    "depends_on": [],
                    "primary": {
                        "id": "devops2019-app-staging",
                        "attributes": {
                            "acm": "false",
                            "all_config_vars.%": "1",
                            "all_config_vars.DATABASE_URL": "postgres://ojlwdyiezeqvnk:bcb28396bd9654349ba611052326175e9af6f9ed949f5251b664f11706e33f39@ec2-46-137-170-51.eu-west-1.compute.amazonaws.com:5432/d4no4fvfpq540v",
                            "config_vars.#": "0",
                            "git_url": "https://git.heroku.com/devops2019-app-staging.git",
                            "heroku_hostname": "devops2019-app-staging.herokuapp.com",
                            "id": "devops2019-app-staging",
                            "internal_routing": "false",
                            "name": "devops2019-app-staging",
                            "region": "eu",
                            "sensitive_config_vars.#": "0",
                            "stack": "heroku-18",
                            "uuid": "d99fbbc3-608f-42b4-95dc-e789eeb4b20e",
                            "web_url": "https://devops2019-app-staging.herokuapp.com/"
                        },
                        "meta": {},
                        "tainted": false
                    },
                    "deposed": [],
                    "provider": "provider.heroku"
                },
                "heroku_pipeline.test-app": {
                    "type": "heroku_pipeline",
                    "depends_on": [],
                    "primary": {
                        "id": "382232cd-537d-4a8c-91ea-c652d79f0c37",
                        "attributes": {
                            "id": "382232cd-537d-4a8c-91ea-c652d79f0c37",
                            "name": "devops-pipe"
                        },
                        "meta": {},
                        "tainted": false
                    },
                    "deposed": [],
                    "provider": "provider.heroku"
                },
                "heroku_pipeline_coupling.ci": {
                    "type": "heroku_pipeline_coupling",
                    "depends_on": [
                        "heroku_app.ci",
                        "heroku_pipeline.test-app"
                    ],
                    "primary": {
                        "id": "5f6e2133-8ad6-4eda-9fb7-f292350a079e",
                        "attributes": {
                            "app": "devops2019-app-ci",
                            "app_id": "d0c8d13c-fafc-4e25-9e37-82cdbfe3065c",
                            "id": "5f6e2133-8ad6-4eda-9fb7-f292350a079e",
                            "pipeline": "382232cd-537d-4a8c-91ea-c652d79f0c37",
                            "stage": "development"
                        },
                        "meta": {},
                        "tainted": false
                    },
                    "deposed": [],
                    "provider": "provider.heroku"
                },
                "heroku_pipeline_coupling.production": {
                    "type": "heroku_pipeline_coupling",
                    "depends_on": [
                        "heroku_app.production",
                        "heroku_pipeline.test-app"
                    ],
                    "primary": {
                        "id": "809f4e4d-2629-4462-9f22-6a88138aa7f9",
                        "attributes": {
                            "app": "devops2019-app-production",
                            "app_id": "91428aaa-b6e9-489c-b667-4d4a1162ec67",
                            "id": "809f4e4d-2629-4462-9f22-6a88138aa7f9",
                            "pipeline": "382232cd-537d-4a8c-91ea-c652d79f0c37",
                            "stage": "production"
                        },
                        "meta": {},
                        "tainted": false
                    },
                    "deposed": [],
                    "provider": "provider.heroku"
                },
                "heroku_pipeline_coupling.staging": {
                    "type": "heroku_pipeline_coupling",
                    "depends_on": [
                        "heroku_app.staging",
                        "heroku_pipeline.test-app"
                    ],
                    "primary": {
                        "id": "fd44d3a8-e59a-46de-ab7e-0803fab0e85d",
                        "attributes": {
                            "app": "devops2019-app-staging",
                            "app_id": "d99fbbc3-608f-42b4-95dc-e789eeb4b20e",
                            "id": "fd44d3a8-e59a-46de-ab7e-0803fab0e85d",
                            "pipeline": "382232cd-537d-4a8c-91ea-c652d79f0c37",
                            "stage": "staging"
                        },
                        "meta": {},
                        "tainted": false
                    },
                    "deposed": [],
                    "provider": "provider.heroku"
                },
                "statuscake_test.ci": {
                    "type": "statuscake_test",
                    "depends_on": [
                        "heroku_app.ci"
                    ],
                    "primary": {
                        "id": "3904295",
                        "attributes": {
                            "check_rate": "300",
                            "confirmations": "0",
                            "contact_id": "0",
                            "custom_header": "",
                            "do_not_find": "false",
                            "final_endpoint": "",
                            "find_string": "",
                            "follow_redirect": "false",
                            "id": "3904295",
                            "logo_image": "",
                            "node_locations.#": "0",
                            "paused": "false",
                            "port": "0",
                            "post_raw": "",
                            "status": "Up",
                            "status_codes": "",
                            "test_id": "3904295",
                            "test_type": "HTTP",
                            "timeout": "40",
                            "trigger_rate": "5",
                            "uptime": "80",
                            "use_jar": "0",
                            "website_name": "devops2019-app-ci",
                            "website_url": "https://devops2019-app-ci.herokuapp.com/"
                        },
                        "meta": {},
                        "tainted": false
                    },
                    "deposed": [],
                    "provider": "provider.statuscake"
                },
                "statuscake_test.production": {
                    "type": "statuscake_test",
                    "depends_on": [
                        "heroku_app.production"
                    ],
                    "primary": {
                        "id": "3904293",
                        "attributes": {
                            "check_rate": "300",
                            "confirmations": "0",
                            "contact_id": "0",
                            "custom_header": "",
                            "do_not_find": "false",
                            "final_endpoint": "",
                            "find_string": "",
                            "follow_redirect": "false",
                            "id": "3904293",
                            "logo_image": "",
                            "node_locations.#": "0",
                            "paused": "false",
                            "port": "0",
                            "post_raw": "",
                            "status": "Down",
                            "status_codes": "",
                            "test_id": "3904293",
                            "test_type": "HTTP",
                            "timeout": "40",
                            "trigger_rate": "5",
                            "uptime": "0",
                            "use_jar": "0",
                            "website_name": "devops2019-app-production",
                            "website_url": "https://devops2019-app-production.herokuapp.com/"
                        },
                        "meta": {},
                        "tainted": false
                    },
                    "deposed": [],
                    "provider": "provider.statuscake"
                },
                "statuscake_test.stage": {
                    "type": "statuscake_test",
                    "depends_on": [
                        "heroku_app.staging"
                    ],
                    "primary": {
                        "id": "3904294",
                        "attributes": {
                            "check_rate": "300",
                            "confirmations": "0",
                            "contact_id": "0",
                            "custom_header": "",
                            "do_not_find": "false",
                            "final_endpoint": "",
                            "find_string": "",
                            "follow_redirect": "false",
                            "id": "3904294",
                            "logo_image": "",
                            "node_locations.#": "0",
                            "paused": "false",
                            "port": "0",
                            "post_raw": "",
                            "status": "Down",
                            "status_codes": "",
                            "test_id": "3904294",
                            "test_type": "HTTP",
                            "timeout": "40",
                            "trigger_rate": "5",
                            "uptime": "0",
                            "use_jar": "0",
                            "website_name": "devops2019-app-staging",
                            "website_url": "https://devops2019-app-staging.herokuapp.com/"
                        },
                        "meta": {},
                        "tainted": false
                    },
                    "deposed": [],
                    "provider": "provider.statuscake"
                }
            },
            "depends_on": []
        }
    ]
}
